// !$*UTF8*$!
{
	archiveVersion = 1;
	classes = {
	};
	objectVersion = 56;
	objects = {

/* Begin PBXBuildFile section */
		9EABF78F29875A3400557EFE /* Colors.swift in Sources */ = {isa = PBXBuildFile; fileRef = 9EABF78E29875A3400557EFE /* Colors.swift */; };
		9EABF791298763B300557EFE /* LogView.swift in Sources */ = {isa = PBXBuildFile; fileRef = 9EABF790298763B200557EFE /* LogView.swift */; };
		9EABF793298766FA00557EFE /* EntriesView.swift in Sources */ = {isa = PBXBuildFile; fileRef = 9EABF792298766FA00557EFE /* EntriesView.swift */; };
		9EABF79729876B4D00557EFE /* EntriesHandler.swift in Sources */ = {isa = PBXBuildFile; fileRef = 9EABF79629876B4D00557EFE /* EntriesHandler.swift */; };
		9EABF79929878F1800557EFE /* Entry.swift in Sources */ = {isa = PBXBuildFile; fileRef = 9EABF79829878F1800557EFE /* Entry.swift */; };
		9EABF79B2987B12000557EFE /* Email.swift in Sources */ = {isa = PBXBuildFile; fileRef = 9EABF79A2987B12000557EFE /* Email.swift */; };
		9EABF79D2987B23D00557EFE /* MailView.swift in Sources */ = {isa = PBXBuildFile; fileRef = 9EABF79C2987B23D00557EFE /* MailView.swift */; };
		9EB165E1298721CD004D4E49 /* moodmojiApp.swift in Sources */ = {isa = PBXBuildFile; fileRef = 9EB165E0298721CD004D4E49 /* moodmojiApp.swift */; };
		9EB165E3298721CD004D4E49 /* ContentView.swift in Sources */ = {isa = PBXBuildFile; fileRef = 9EB165E2298721CD004D4E49 /* ContentView.swift */; };
		9EB165E5298721D0004D4E49 /* Assets.xcassets in Resources */ = {isa = PBXBuildFile; fileRef = 9EB165E4298721D0004D4E49 /* Assets.xcassets */; };
		9EB165E8298721D0004D4E49 /* Preview Assets.xcassets in Resources */ = {isa = PBXBuildFile; fileRef = 9EB165E7298721D0004D4E49 /* Preview Assets.xcassets */; };
		9EB165F32987275C004D4E49 /* Mood.swift in Sources */ = {isa = PBXBuildFile; fileRef = 9EB165F22987275C004D4E49 /* Mood.swift */; };
		9EB165F729872A05004D4E49 /* MoodGrid.swift in Sources */ = {isa = PBXBuildFile; fileRef = 9EB165F629872A05004D4E49 /* MoodGrid.swift */; };
		9EB165F929872ADF004D4E49 /* EmotionList.swift in Sources */ = {isa = PBXBuildFile; fileRef = 9EB165F829872ADF004D4E49 /* EmotionList.swift */; };
/* End PBXBuildFile section */

/* Begin PBXFileReference section */
		9EABF78E29875A3400557EFE /* Colors.swift */ = {isa = PBXFileReference; lastKnownFileType = sourcecode.swift; path = Colors.swift; sourceTree = "<group>"; };
		9EABF790298763B200557EFE /* LogView.swift */ = {isa = PBXFileReference; lastKnownFileType = sourcecode.swift; path = LogView.swift; sourceTree = "<group>"; };
		9EABF792298766FA00557EFE /* EntriesView.swift */ = {isa = PBXFileReference; lastKnownFileType = sourcecode.swift; path = EntriesView.swift; sourceTree = "<group>"; };
		9EABF79629876B4D00557EFE /* EntriesHandler.swift */ = {isa = PBXFileReference; lastKnownFileType = sourcecode.swift; path = EntriesHandler.swift; sourceTree = "<group>"; };
		9EABF79829878F1800557EFE /* Entry.swift */ = {isa = PBXFileReference; lastKnownFileType = sourcecode.swift; path = Entry.swift; sourceTree = "<group>"; };
		9EABF79A2987B12000557EFE /* Email.swift */ = {isa = PBXFileReference; lastKnownFileType = sourcecode.swift; path = Email.swift; sourceTree = "<group>"; };
		9EABF79C2987B23D00557EFE /* MailView.swift */ = {isa = PBXFileReference; lastKnownFileType = sourcecode.swift; path = MailView.swift; sourceTree = "<group>"; };
		9EB165DD298721CD004D4E49 /* moodmoji.app */ = {isa = PBXFileReference; explicitFileType = wrapper.application; includeInIndex = 0; path = moodmoji.app; sourceTree = BUILT_PRODUCTS_DIR; };
		9EB165E0298721CD004D4E49 /* moodmojiApp.swift */ = {isa = PBXFileReference; lastKnownFileType = sourcecode.swift; path = moodmojiApp.swift; sourceTree = "<group>"; };
		9EB165E2298721CD004D4E49 /* ContentView.swift */ = {isa = PBXFileReference; lastKnownFileType = sourcecode.swift; path = ContentView.swift; sourceTree = "<group>"; };
		9EB165E4298721D0004D4E49 /* Assets.xcassets */ = {isa = PBXFileReference; lastKnownFileType = folder.assetcatalog; path = Assets.xcassets; sourceTree = "<group>"; };
		9EB165E7298721D0004D4E49 /* Preview Assets.xcassets */ = {isa = PBXFileReference; lastKnownFileType = folder.assetcatalog; path = "Preview Assets.xcassets"; sourceTree = "<group>"; };
		9EB165F22987275C004D4E49 /* Mood.swift */ = {isa = PBXFileReference; lastKnownFileType = sourcecode.swift; path = Mood.swift; sourceTree = "<group>"; };
		9EB165F629872A05004D4E49 /* MoodGrid.swift */ = {isa = PBXFileReference; fileEncoding = 4; lastKnownFileType = sourcecode.swift; path = MoodGrid.swift; sourceTree = "<group>"; };
		9EB165F829872ADF004D4E49 /* EmotionList.swift */ = {isa = PBXFileReference; lastKnownFileType = sourcecode.swift; path = EmotionList.swift; sourceTree = "<group>"; };
/* End PBXFileReference section */

/* Begin PBXFrameworksBuildPhase section */
		9EB165DA298721CD004D4E49 /* Frameworks */ = {
			isa = PBXFrameworksBuildPhase;
			buildActionMask = 2147483647;
			files = (
			);
			runOnlyForDeploymentPostprocessing = 0;
		};
/* End PBXFrameworksBuildPhase section */

/* Begin PBXGroup section */
		9EB165D4298721CD004D4E49 = {
			isa = PBXGroup;
			children = (
				9EB165DF298721CD004D4E49 /* moodmoji */,
				9EB165DE298721CD004D4E49 /* Products */,
			);
			sourceTree = "<group>";
		};
		9EB165DE298721CD004D4E49 /* Products */ = {
			isa = PBXGroup;
			children = (
				9EB165DD298721CD004D4E49 /* moodmoji.app */,
			);
			name = Products;
			sourceTree = "<group>";
		};
		9EB165DF298721CD004D4E49 /* moodmoji */ = {
			isa = PBXGroup;
			children = (
				9EB165E0298721CD004D4E49 /* moodmojiApp.swift */,
				9EABF78E29875A3400557EFE /* Colors.swift */,
				9EB165E2298721CD004D4E49 /* ContentView.swift */,
				9EABF792298766FA00557EFE /* EntriesView.swift */,
				9EABF79C2987B23D00557EFE /* MailView.swift */,
				9EABF79829878F1800557EFE /* Entry.swift */,
				9EABF79629876B4D00557EFE /* EntriesHandler.swift */,
				9EABF79A2987B12000557EFE /* Email.swift */,
				9EABF790298763B200557EFE /* LogView.swift */,
				9EB165E4298721D0004D4E49 /* Assets.xcassets */,
				9EB165E6298721D0004D4E49 /* Preview Content */,
				9EB165F629872A05004D4E49 /* MoodGrid.swift */,
				9EB165F829872ADF004D4E49 /* EmotionList.swift */,
				9EB165F22987275C004D4E49 /* Mood.swift */,
			);
			path = moodmoji;
			sourceTree = "<group>";
		};
		9EB165E6298721D0004D4E49 /* Preview Content */ = {
			isa = PBXGroup;
			children = (
				9EB165E7298721D0004D4E49 /* Preview Assets.xcassets */,
			);
			path = "Preview Content";
			sourceTree = "<group>";
		};
/* End PBXGroup section */

/* Begin PBXNativeTarget section */
		9EB165DC298721CD004D4E49 /* moodmoji */ = {
			isa = PBXNativeTarget;
			buildConfigurationList = 9EB165EB298721D0004D4E49 /* Build configuration list for PBXNativeTarget "moodmoji" */;
			buildPhases = (
				9EB165D9298721CD004D4E49 /* Sources */,
				9EB165DA298721CD004D4E49 /* Frameworks */,
				9EB165DB298721CD004D4E49 /* Resources */,
			);
			buildRules = (
			);
			dependencies = (
			);
			name = moodmoji;
			productName = moodmoji;
			productReference = 9EB165DD298721CD004D4E49 /* moodmoji.app */;
			productType = "com.apple.product-type.application";
		};
/* End PBXNativeTarget section */

/* Begin PBXProject section */
		9EB165D5298721CD004D4E49 /* Project object */ = {
			isa = PBXProject;
			attributes = {
				BuildIndependentTargetsInParallel = 1;
				LastSwiftUpdateCheck = 1400;
				LastUpgradeCheck = 1400;
				TargetAttributes = {
					9EB165DC298721CD004D4E49 = {
						CreatedOnToolsVersion = 14.0.1;
					};
				};
			};
			buildConfigurationList = 9EB165D8298721CD004D4E49 /* Build configuration list for PBXProject "moodmoji" */;
			compatibilityVersion = "Xcode 14.0";
			developmentRegion = en;
			hasScannedForEncodings = 0;
			knownRegions = (
				en,
				Base,
			);
			mainGroup = 9EB165D4298721CD004D4E49;
			productRefGroup = 9EB165DE298721CD004D4E49 /* Products */;
			projectDirPath = "";
			projectRoot = "";
			targets = (
				9EB165DC298721CD004D4E49 /* moodmoji */,
			);
		};
/* End PBXProject section */

/* Begin PBXResourcesBuildPhase section */
		9EB165DB298721CD004D4E49 /* Resources */ = {
			isa = PBXResourcesBuildPhase;
			buildActionMask = 2147483647;
			files = (
				9EB165E8298721D0004D4E49 /* Preview Assets.xcassets in Resources */,
				9EB165E5298721D0004D4E49 /* Assets.xcassets in Resources */,
			);
			runOnlyForDeploymentPostprocessing = 0;
		};
/* End PBXResourcesBuildPhase section */

/* Begin PBXSourcesBuildPhase section */
		9EB165D9298721CD004D4E49 /* Sources */ = {
			isa = PBXSourcesBuildPhase;
			buildActionMask = 2147483647;
			files = (
				9EABF79929878F1800557EFE /* Entry.swift in Sources */,
				9EB165F32987275C004D4E49 /* Mood.swift in Sources */,
				9EABF79729876B4D00557EFE /* EntriesHandler.swift in Sources */,
				9EABF793298766FA00557EFE /* EntriesView.swift in Sources */,
				9EABF79B2987B12000557EFE /* Email.swift in Sources */,
				9EABF78F29875A3400557EFE /* Colors.swift in Sources */,
				9EB165F729872A05004D4E49 /* MoodGrid.swift in Sources */,
				9EABF79D2987B23D00557EFE /* MailView.swift in Sources */,
				9EB165E3298721CD004D4E49 /* ContentView.swift in Sources */,
				9EB165F929872ADF004D4E49 /* EmotionList.swift in Sources */,
				9EB165E1298721CD004D4E49 /* moodmojiApp.swift in Sources */,
				9EABF791298763B300557EFE /* LogView.swift in Sources */,
			);
			runOnlyForDeploymentPostprocessing = 0;
		};
/* End PBXSourcesBuildPhase section */

/* Begin XCBuildConfiguration section */
		9EB165E9298721D0004D4E49 /* Debug */ = {
			isa = XCBuildConfiguration;
			buildSettings = {
				ALWAYS_SEARCH_USER_PATHS = NO;
				CLANG_ANALYZER_NONNULL = YES;
				CLANG_ANALYZER_NUMBER_OBJECT_CONVERSION = YES_AGGRESSIVE;
				CLANG_CXX_LANGUAGE_STANDARD = "gnu++20";
				CLANG_ENABLE_MODULES = YES;
				CLANG_ENABLE_OBJC_ARC = YES;
				CLANG_ENABLE_OBJC_WEAK = YES;
				CLANG_WARN_BLOCK_CAPTURE_AUTORELEASING = YES;
				CLANG_WARN_BOOL_CONVERSION = YES;
				CLANG_WARN_COMMA = YES;
				CLANG_WARN_CONSTANT_CONVERSION = YES;
				CLANG_WARN_DEPRECATED_OBJC_IMPLEMENTATIONS = YES;
				CLANG_WARN_DIRECT_OBJC_ISA_USAGE = YES_ERROR;
				CLANG_WARN_DOCUMENTATION_COMMENTS = YES;
				CLANG_WARN_EMPTY_BODY = YES;
				CLANG_WARN_ENUM_CONVERSION = YES;
				CLANG_WARN_INFINITE_RECURSION = YES;
				CLANG_WARN_INT_CONVERSION = YES;
				CLANG_WARN_NON_LITERAL_NULL_CONVERSION = YES;
				CLANG_WARN_OBJC_IMPLICIT_RETAIN_SELF = YES;
				CLANG_WARN_OBJC_LITERAL_CONVERSION = YES;
				CLANG_WARN_OBJC_ROOT_CLASS = YES_ERROR;
				CLANG_WARN_QUOTED_INCLUDE_IN_FRAMEWORK_HEADER = YES;
				CLANG_WARN_RANGE_LOOP_ANALYSIS = YES;
				CLANG_WARN_STRICT_PROTOTYPES = YES;
				CLANG_WARN_SUSPICIOUS_MOVE = YES;
				CLANG_WARN_UNGUARDED_AVAILABILITY = YES_AGGRESSIVE;
				CLANG_WARN_UNREACHABLE_CODE = YES;
				CLANG_WARN__DUPLICATE_METHOD_MATCH = YES;
				COPY_PHASE_STRIP = NO;
				DEBUG_INFORMATION_FORMAT = dwarf;
				ENABLE_STRICT_OBJC_MSGSEND = YES;
				ENABLE_TESTABILITY = YES;
				GCC_C_LANGUAGE_STANDARD = gnu11;
				GCC_DYNAMIC_NO_PIC = NO;
				GCC_NO_COMMON_BLOCKS = YES;
				GCC_OPTIMIZATION_LEVEL = 0;
				GCC_PREPROCESSOR_DEFINITIONS = (
					"DEBUG=1",
					"$(inherited)",
				);
				GCC_WARN_64_TO_32_BIT_CONVERSION = YES;
				GCC_WARN_ABOUT_RETURN_TYPE = YES_ERROR;
				GCC_WARN_UNDECLARED_SELECTOR = YES;
				GCC_WARN_UNINITIALIZED_AUTOS = YES_AGGRESSIVE;
				GCC_WARN_UNUSED_FUNCTION = YES;
				GCC_WARN_UNUSED_VARIABLE = YES;
				IPHONEOS_DEPLOYMENT_TARGET = 16.0;
				MTL_ENABLE_DEBUG_INFO = INCLUDE_SOURCE;
				MTL_FAST_MATH = YES;
				ONLY_ACTIVE_ARCH = YES;
				SDKROOT = iphoneos;
				SWIFT_ACTIVE_COMPILATION_CONDITIONS = DEBUG;
				SWIFT_OPTIMIZATION_LEVEL = "-Onone";
			};
			name = Debug;
		};
		9EB165EA298721D0004D4E49 /* Release */ = {
			isa = XCBuildConfiguration;
			buildSettings = {
				ALWAYS_SEARCH_USER_PATHS = NO;
				CLANG_ANALYZER_NONNULL = YES;
				CLANG_ANALYZER_NUMBER_OBJECT_CONVERSION = YES_AGGRESSIVE;
				CLANG_CXX_LANGUAGE_STANDARD = "gnu++20";
				CLANG_ENABLE_MODULES = YES;
				CLANG_ENABLE_OBJC_ARC = YES;
				CLANG_ENABLE_OBJC_WEAK = YES;
				CLANG_WARN_BLOCK_CAPTURE_AUTORELEASING = YES;
				CLANG_WARN_BOOL_CONVERSION = YES;
				CLANG_WARN_COMMA = YES;
				CLANG_WARN_CONSTANT_CONVERSION = YES;
				CLANG_WARN_DEPRECATED_OBJC_IMPLEMENTATIONS = YES;
				CLANG_WARN_DIRECT_OBJC_ISA_USAGE = YES_ERROR;
				CLANG_WARN_DOCUMENTATION_COMMENTS = YES;
				CLANG_WARN_EMPTY_BODY = YES;
				CLANG_WARN_ENUM_CONVERSION = YES;
				CLANG_WARN_INFINITE_RECURSION = YES;
				CLANG_WARN_INT_CONVERSION = YES;
				CLANG_WARN_NON_LITERAL_NULL_CONVERSION = YES;
				CLANG_WARN_OBJC_IMPLICIT_RETAIN_SELF = YES;
				CLANG_WARN_OBJC_LITERAL_CONVERSION = YES;
				CLANG_WARN_OBJC_ROOT_CLASS = YES_ERROR;
				CLANG_WARN_QUOTED_INCLUDE_IN_FRAMEWORK_HEADER = YES;
				CLANG_WARN_RANGE_LOOP_ANALYSIS = YES;
				CLANG_WARN_STRICT_PROTOTYPES = YES;
				CLANG_WARN_SUSPICIOUS_MOVE = YES;
				CLANG_WARN_UNGUARDED_AVAILABILITY = YES_AGGRESSIVE;
				CLANG_WARN_UNREACHABLE_CODE = YES;
				CLANG_WARN__DUPLICATE_METHOD_MATCH = YES;
				COPY_PHASE_STRIP = NO;
				DEBUG_INFORMATION_FORMAT = "dwarf-with-dsym";
				ENABLE_NS_ASSERTIONS = NO;
				ENABLE_STRICT_OBJC_MSGSEND = YES;
				GCC_C_LANGUAGE_STANDARD = gnu11;
				GCC_NO_COMMON_BLOCKS = YES;
				GCC_WARN_64_TO_32_BIT_CONVERSION = YES;
				GCC_WARN_ABOUT_RETURN_TYPE = YES_ERROR;
				GCC_WARN_UNDECLARED_SELECTOR = YES;
				GCC_WARN_UNINITIALIZED_AUTOS = YES_AGGRESSIVE;
				GCC_WARN_UNUSED_FUNCTION = YES;
				GCC_WARN_UNUSED_VARIABLE = YES;
				IPHONEOS_DEPLOYMENT_TARGET = 16.0;
				MTL_ENABLE_DEBUG_INFO = NO;
				MTL_FAST_MATH = YES;
				SDKROOT = iphoneos;
				SWIFT_COMPILATION_MODE = wholemodule;
				SWIFT_OPTIMIZATION_LEVEL = "-O";
				VALIDATE_PRODUCT = YES;
			};
			name = Release;
		};
		9EB165EC298721D0004D4E49 /* Debug */ = {
			isa = XCBuildConfiguration;
			buildSettings = {
				ASSETCATALOG_COMPILER_APPICON_NAME = AppIcon;
				ASSETCATALOG_COMPILER_GLOBAL_ACCENT_COLOR_NAME = AccentColor;
				CODE_SIGN_STYLE = Automatic;
				CURRENT_PROJECT_VERSION = 1;
				DEVELOPMENT_ASSET_PATHS = "\"moodmoji/Preview Content\"";
				DEVELOPMENT_TEAM = UC3X9F7BX2;
				ENABLE_PREVIEWS = YES;
				GENERATE_INFOPLIST_FILE = YES;
				INFOPLIST_KEY_UIApplicationSceneManifest_Generation = YES;
				INFOPLIST_KEY_UIApplicationSupportsIndirectInputEvents = YES;
				INFOPLIST_KEY_UILaunchScreen_Generation = YES;
				INFOPLIST_KEY_UISupportedInterfaceOrientations = UIInterfaceOrientationPortrait;
				IPHONEOS_DEPLOYMENT_TARGET = 15.0;
				LD_RUNPATH_SEARCH_PATHS = (
					"$(inherited)",
					"@executable_path/Frameworks",
				);
				MARKETING_VERSION = 1.0;
				PRODUCT_BUNDLE_IDENTIFIER = desante.dev.moodmoji;
				PRODUCT_NAME = "$(TARGET_NAME)";
				SUPPORTED_PLATFORMS = "iphoneos iphonesimulator";
				SUPPORTS_MACCATALYST = NO;
				SUPPORTS_MAC_DESIGNED_FOR_IPHONE_IPAD = NO;
				SWIFT_EMIT_LOC_STRINGS = YES;
				SWIFT_VERSION = 5.0;
				TARGETED_DEVICE_FAMILY = 1;
			};
			name = Debug;
		};
		9EB165ED298721D0004D4E49 /* Release */ = {
			isa = XCBuildConfiguration;
			buildSettings = {
				ASSETCATALOG_COMPILER_APPICON_NAME = AppIcon;
				ASSETCATALOG_COMPILER_GLOBAL_ACCENT_COLOR_NAME = AccentColor;
				CODE_SIGN_STYLE = Automatic;
				CURRENT_PROJECT_VERSION = 1;
				DEVELOPMENT_ASSET_PATHS = "\"moodmoji/Preview Content\"";
				DEVELOPMENT_TEAM = UC3X9F7BX2;
				ENABLE_PREVIEWS = YES;
				GENERATE_INFOPLIST_FILE = YES;
				INFOPLIST_KEY_UIApplicationSceneManifest_Generation = YES;
				INFOPLIST_KEY_UIApplicationSupportsIndirectInputEvents = YES;
				INFOPLIST_KEY_UILaunchScreen_Generation = YES;
				INFOPLIST_KEY_UISupportedInterfaceOrientations = UIInterfaceOrientationPortrait;
				IPHONEOS_DEPLOYMENT_TARGET = 15.0;
				LD_RUNPATH_SEARCH_PATHS = (
					"$(inherited)",
					"@executable_path/Frameworks",
				);
				MARKETING_VERSION = 1.0;
				PRODUCT_BUNDLE_IDENTIFIER = desante.dev.moodmoji;
				PRODUCT_NAME = "$(TARGET_NAME)";
				SUPPORTED_PLATFORMS = "iphoneos iphonesimulator";
				SUPPORTS_MACCATALYST = NO;
				SUPPORTS_MAC_DESIGNED_FOR_IPHONE_IPAD = NO;
				SWIFT_EMIT_LOC_STRINGS = YES;
				SWIFT_VERSION = 5.0;
				TARGETED_DEVICE_FAMILY = 1;
			};
			name = Release;
		};
/* End XCBuildConfiguration section */

/* Begin XCConfigurationList section */
		9EB165D8298721CD004D4E49 /* Build configuration list for PBXProject "moodmoji" */ = {
			isa = XCConfigurationList;
			buildConfigurations = (
				9EB165E9298721D0004D4E49 /* Debug */,
				9EB165EA298721D0004D4E49 /* Release */,
			);
			defaultConfigurationIsVisible = 0;
			defaultConfigurationName = Release;
		};
		9EB165EB298721D0004D4E49 /* Build configuration list for PBXNativeTarget "moodmoji" */ = {
			isa = XCConfigurationList;
			buildConfigurations = (
				9EB165EC298721D0004D4E49 /* Debug */,
				9EB165ED298721D0004D4E49 /* Release */,
			);
			defaultConfigurationIsVisible = 0;
			defaultConfigurationName = Release;
		};
/* End XCConfigurationList section */
	};
	rootObject = 9EB165D5298721CD004D4E49 /* Project object */;
}
